{
  "name": "bypass-api",
  "version": "1.0.0",
  "lockfileVersion": 2,
  "dependencies": {
    "express": {
      "version": "4.17.1",
      "resolved": "https://registry.npmjs.org/express/-/express-4.17.1.tgz",
      "integrity": "sha512-13l9tPx9fF63y9HbP+IHjEkr8Lgk3uFhzpVf8knHR7lmZ7vHCbpdtOxA7J6fX2o7nHkH13Vq6H4aEDi4AB7olw==",
      "engines": {
        "node": ">= 0.10.0"
      },
      "dev": true
    },
    "node-fetch": {
      "version": "2.6.1",
      "resolved": "https://registry.npmjs.org/node-fetch/-/node-fetch-2.6.1.tgz",
      "integrity": "sha512-5v5xhD6e25aQxvqsT27X2FwpV0XKcQyNoX1tgjcuxzYwpBpTBG/K8A9V8f5LfjjFZ8HhNkfcygA9GnWrffB6g=="
    },
    "puppeteer": {
      "version": "19.0.0",
      "resolved": "https://registry.npmjs.org/puppeteer/-/puppeteer-19.0.0.tgz",
      "integrity": "sha512-Kd5csmF8NYFZjysX2+S9qWNhU/1YZFCeBzEN2sm4lUvBgoOaU/qDQjlzbyBltJhrKjjwKKO5BDlQ7Xq91Glvnw==",
      "engines": {
        "node": ">= 14.0.0"
      }
    }
  }
}
